// !$*UTF8*$!
{
	archiveVersion = 1;
	classes = {
	};
	objectVersion = 56;
	objects = {

/* Begin PBXBuildFile section */
		0154F2AE2C87131100F02CD0 /* Color+Extension.swift in Sources */ = {isa = PBXBuildFile; fileRef = 0154F2AD2C87131100F02CD0 /* Color+Extension.swift */; };
		017AD8E72C86E42B001B1577 /* SessionMacOSApp.swift in Sources */ = {isa = PBXBuildFile; fileRef = 017AD8E62C86E42B001B1577 /* SessionMacOSApp.swift */; };
		017AD8E92C86E42B001B1577 /* TodoView.swift in Sources */ = {isa = PBXBuildFile; fileRef = 017AD8E82C86E42B001B1577 /* TodoView.swift */; };
		017AD8EB2C86E42D001B1577 /* Assets.xcassets in Resources */ = {isa = PBXBuildFile; fileRef = 017AD8EA2C86E42D001B1577 /* Assets.xcassets */; };
		017AD8EE2C86E42D001B1577 /* Preview Assets.xcassets in Resources */ = {isa = PBXBuildFile; fileRef = 017AD8ED2C86E42D001B1577 /* Preview Assets.xcassets */; };
		017AD8F72C86E4B2001B1577 /* Session.swift in Sources */ = {isa = PBXBuildFile; fileRef = 017AD8F62C86E4B2001B1577 /* Session.swift */; };
		017AD8F92C86E4F3001B1577 /* EventKeyHandler.swift in Sources */ = {isa = PBXBuildFile; fileRef = 017AD8F82C86E4F3001B1577 /* EventKeyHandler.swift */; };
		017AD8FB2C86E61C001B1577 /* MockData.json in Resources */ = {isa = PBXBuildFile; fileRef = 017AD8FA2C86E61C001B1577 /* MockData.json */; };
/* End PBXBuildFile section */

/* Begin PBXFileReference section */
		0154F2AD2C87131100F02CD0 /* Color+Extension.swift */ = {isa = PBXFileReference; lastKnownFileType = sourcecode.swift; path = "Color+Extension.swift"; sourceTree = "<group>"; };
		017AD8E32C86E42B001B1577 /* SessionMacOS.app */ = {isa = PBXFileReference; explicitFileType = wrapper.application; includeInIndex = 0; path = SessionMacOS.app; sourceTree = BUILT_PRODUCTS_DIR; };
		017AD8E62C86E42B001B1577 /* SessionMacOSApp.swift */ = {isa = PBXFileReference; lastKnownFileType = sourcecode.swift; path = SessionMacOSApp.swift; sourceTree = "<group>"; };
		017AD8E82C86E42B001B1577 /* TodoView.swift */ = {isa = PBXFileReference; lastKnownFileType = sourcecode.swift; path = TodoView.swift; sourceTree = "<group>"; };
		017AD8EA2C86E42D001B1577 /* Assets.xcassets */ = {isa = PBXFileReference; lastKnownFileType = folder.assetcatalog; path = Assets.xcassets; sourceTree = "<group>"; };
		017AD8ED2C86E42D001B1577 /* Preview Assets.xcassets */ = {isa = PBXFileReference; lastKnownFileType = folder.assetcatalog; path = "Preview Assets.xcassets"; sourceTree = "<group>"; };
		017AD8EF2C86E42D001B1577 /* SessionMacOS.entitlements */ = {isa = PBXFileReference; lastKnownFileType = text.plist.entitlements; path = SessionMacOS.entitlements; sourceTree = "<group>"; };
		017AD8F62C86E4B2001B1577 /* Session.swift */ = {isa = PBXFileReference; lastKnownFileType = sourcecode.swift; path = Session.swift; sourceTree = "<group>"; };
		017AD8F82C86E4F3001B1577 /* EventKeyHandler.swift */ = {isa = PBXFileReference; lastKnownFileType = sourcecode.swift; path = EventKeyHandler.swift; sourceTree = "<group>"; };
		017AD8FA2C86E61C001B1577 /* MockData.json */ = {isa = PBXFileReference; lastKnownFileType = text.json; path = MockData.json; sourceTree = "<group>"; };
/* End PBXFileReference section */

/* Begin PBXFrameworksBuildPhase section */
		017AD8E02C86E42B001B1577 /* Frameworks */ = {
			isa = PBXFrameworksBuildPhase;
			buildActionMask = 2147483647;
			files = (
			);
			runOnlyForDeploymentPostprocessing = 0;
		};
/* End PBXFrameworksBuildPhase section */

/* Begin PBXGroup section */
		0154F2AC2C87130400F02CD0 /* Helpers */ = {
			isa = PBXGroup;
			children = (
				0154F2AD2C87131100F02CD0 /* Color+Extension.swift */,
			);
			path = Helpers;
			sourceTree = "<group>";
		};
		017AD8DA2C86E42B001B1577 = {
			isa = PBXGroup;
			children = (
				017AD8E52C86E42B001B1577 /* SessionMacOS */,
				017AD8E42C86E42B001B1577 /* Products */,
			);
			sourceTree = "<group>";
		};
		017AD8E42C86E42B001B1577 /* Products */ = {
			isa = PBXGroup;
			children = (
				017AD8E32C86E42B001B1577 /* SessionMacOS.app */,
			);
			name = Products;
			sourceTree = "<group>";
		};
		017AD8E52C86E42B001B1577 /* SessionMacOS */ = {
			isa = PBXGroup;
			children = (
				017AD8E62C86E42B001B1577 /* SessionMacOSApp.swift */,
				017AD8E82C86E42B001B1577 /* TodoView.swift */,
				017AD8F82C86E4F3001B1577 /* EventKeyHandler.swift */,
				017AD8F62C86E4B2001B1577 /* Session.swift */,
				0154F2AC2C87130400F02CD0 /* Helpers */,
				017AD8FA2C86E61C001B1577 /* MockData.json */,
				017AD8EA2C86E42D001B1577 /* Assets.xcassets */,
				017AD8EF2C86E42D001B1577 /* SessionMacOS.entitlements */,
				017AD8EC2C86E42D001B1577 /* Preview Content */,
			);
			path = SessionMacOS;
			sourceTree = "<group>";
		};
		017AD8EC2C86E42D001B1577 /* Preview Content */ = {
			isa = PBXGroup;
			children = (
				017AD8ED2C86E42D001B1577 /* Preview Assets.xcassets */,
			);
			path = "Preview Content";
			sourceTree = "<group>";
		};
/* End PBXGroup section */

/* Begin PBXNativeTarget section */
		017AD8E22C86E42B001B1577 /* SessionMacOS */ = {
			isa = PBXNativeTarget;
			buildConfigurationList = 017AD8F22C86E42D001B1577 /* Build configuration list for PBXNativeTarget "SessionMacOS" */;
			buildPhases = (
				017AD8DF2C86E42B001B1577 /* Sources */,
				017AD8E02C86E42B001B1577 /* Frameworks */,
				017AD8E12C86E42B001B1577 /* Resources */,
			);
			buildRules = (
			);
			dependencies = (
			);
			name = SessionMacOS;
			productName = SessionMacOS;
			productReference = 017AD8E32C86E42B001B1577 /* SessionMacOS.app */;
			productType = "com.apple.product-type.application";
		};
/* End PBXNativeTarget section */

/* Begin PBXProject section */
		017AD8DB2C86E42B001B1577 /* Project object */ = {
			isa = PBXProject;
			attributes = {
				BuildIndependentTargetsInParallel = 1;
				LastSwiftUpdateCheck = 1520;
				LastUpgradeCheck = 1520;
				TargetAttributes = {
					017AD8E22C86E42B001B1577 = {
						CreatedOnToolsVersion = 15.2;
					};
				};
			};
			buildConfigurationList = 017AD8DE2C86E42B001B1577 /* Build configuration list for PBXProject "SessionMacOS" */;
			compatibilityVersion = "Xcode 14.0";
			developmentRegion = en;
			hasScannedForEncodings = 0;
			knownRegions = (
				en,
				Base,
			);
			mainGroup = 017AD8DA2C86E42B001B1577;
			productRefGroup = 017AD8E42C86E42B001B1577 /* Products */;
			projectDirPath = "";
			projectRoot = "";
			targets = (
				017AD8E22C86E42B001B1577 /* SessionMacOS */,
			);
		};
/* End PBXProject section */

/* Begin PBXResourcesBuildPhase section */
		017AD8E12C86E42B001B1577 /* Resources */ = {
			isa = PBXResourcesBuildPhase;
			buildActionMask = 2147483647;
			files = (
				017AD8EE2C86E42D001B1577 /* Preview Assets.xcassets in Resources */,
				017AD8EB2C86E42D001B1577 /* Assets.xcassets in Resources */,
				017AD8FB2C86E61C001B1577 /* MockData.json in Resources */,
			);
			runOnlyForDeploymentPostprocessing = 0;
		};
/* End PBXResourcesBuildPhase section */

/* Begin PBXSourcesBuildPhase section */
		017AD8DF2C86E42B001B1577 /* Sources */ = {
			isa = PBXSourcesBuildPhase;
			buildActionMask = 2147483647;
			files = (
				017AD8E92C86E42B001B1577 /* TodoView.swift in Sources */,
				0154F2AE2C87131100F02CD0 /* Color+Extension.swift in Sources */,
				017AD8F92C86E4F3001B1577 /* EventKeyHandler.swift in Sources */,
				017AD8E72C86E42B001B1577 /* SessionMacOSApp.swift in Sources */,
				017AD8F72C86E4B2001B1577 /* Session.swift in Sources */,
			);
			runOnlyForDeploymentPostprocessing = 0;
		};
/* End PBXSourcesBuildPhase section */

/* Begin XCBuildConfiguration section */
		017AD8F02C86E42D001B1577 /* Debug */ = {
			isa = XCBuildConfiguration;
			buildSettings = {
				ALWAYS_SEARCH_USER_PATHS = NO;
				ASSETCATALOG_COMPILER_GENERATE_SWIFT_ASSET_SYMBOL_EXTENSIONS = YES;
				CLANG_ANALYZER_NONNULL = YES;
				CLANG_ANALYZER_NUMBER_OBJECT_CONVERSION = YES_AGGRESSIVE;
				CLANG_CXX_LANGUAGE_STANDARD = "gnu++20";
				CLANG_ENABLE_MODULES = YES;
				CLANG_ENABLE_OBJC_ARC = YES;
				CLANG_ENABLE_OBJC_WEAK = YES;
				CLANG_WARN_BLOCK_CAPTURE_AUTORELEASING = YES;
				CLANG_WARN_BOOL_CONVERSION = YES;
				CLANG_WARN_COMMA = YES;
				CLANG_WARN_CONSTANT_CONVERSION = YES;
				CLANG_WARN_DEPRECATED_OBJC_IMPLEMENTATIONS = YES;
				CLANG_WARN_DIRECT_OBJC_ISA_USAGE = YES_ERROR;
				CLANG_WARN_DOCUMENTATION_COMMENTS = YES;
				CLANG_WARN_EMPTY_BODY = YES;
				CLANG_WARN_ENUM_CONVERSION = YES;
				CLANG_WARN_INFINITE_RECURSION = YES;
				CLANG_WARN_INT_CONVERSION = YES;
				CLANG_WARN_NON_LITERAL_NULL_CONVERSION = YES;
				CLANG_WARN_OBJC_IMPLICIT_RETAIN_SELF = YES;
				CLANG_WARN_OBJC_LITERAL_CONVERSION = YES;
				CLANG_WARN_OBJC_ROOT_CLASS = YES_ERROR;
				CLANG_WARN_QUOTED_INCLUDE_IN_FRAMEWORK_HEADER = YES;
				CLANG_WARN_RANGE_LOOP_ANALYSIS = YES;
				CLANG_WARN_STRICT_PROTOTYPES = YES;
				CLANG_WARN_SUSPICIOUS_MOVE = YES;
				CLANG_WARN_UNGUARDED_AVAILABILITY = YES_AGGRESSIVE;
				CLANG_WARN_UNREACHABLE_CODE = YES;
				CLANG_WARN__DUPLICATE_METHOD_MATCH = YES;
				COPY_PHASE_STRIP = NO;
				DEBUG_INFORMATION_FORMAT = dwarf;
				ENABLE_STRICT_OBJC_MSGSEND = YES;
				ENABLE_TESTABILITY = YES;
				ENABLE_USER_SCRIPT_SANDBOXING = YES;
				GCC_C_LANGUAGE_STANDARD = gnu17;
				GCC_DYNAMIC_NO_PIC = NO;
				GCC_NO_COMMON_BLOCKS = YES;
				GCC_OPTIMIZATION_LEVEL = 0;
				GCC_PREPROCESSOR_DEFINITIONS = (
					"DEBUG=1",
					"$(inherited)",
				);
				GCC_WARN_64_TO_32_BIT_CONVERSION = YES;
				GCC_WARN_ABOUT_RETURN_TYPE = YES_ERROR;
				GCC_WARN_UNDECLARED_SELECTOR = YES;
				GCC_WARN_UNINITIALIZED_AUTOS = YES_AGGRESSIVE;
				GCC_WARN_UNUSED_FUNCTION = YES;
				GCC_WARN_UNUSED_VARIABLE = YES;
				LOCALIZATION_PREFERS_STRING_CATALOGS = YES;
				MACOSX_DEPLOYMENT_TARGET = 14.0;
				MTL_ENABLE_DEBUG_INFO = INCLUDE_SOURCE;
				MTL_FAST_MATH = YES;
				ONLY_ACTIVE_ARCH = YES;
				SDKROOT = macosx;
				SWIFT_ACTIVE_COMPILATION_CONDITIONS = "DEBUG $(inherited)";
				SWIFT_OPTIMIZATION_LEVEL = "-Onone";
			};
			name = Debug;
		};
		017AD8F12C86E42D001B1577 /* Release */ = {
			isa = XCBuildConfiguration;
			buildSettings = {
				ALWAYS_SEARCH_USER_PATHS = NO;
				ASSETCATALOG_COMPILER_GENERATE_SWIFT_ASSET_SYMBOL_EXTENSIONS = YES;
				CLANG_ANALYZER_NONNULL = YES;
				CLANG_ANALYZER_NUMBER_OBJECT_CONVERSION = YES_AGGRESSIVE;
				CLANG_CXX_LANGUAGE_STANDARD = "gnu++20";
				CLANG_ENABLE_MODULES = YES;
				CLANG_ENABLE_OBJC_ARC = YES;
				CLANG_ENABLE_OBJC_WEAK = YES;
				CLANG_WARN_BLOCK_CAPTURE_AUTORELEASING = YES;
				CLANG_WARN_BOOL_CONVERSION = YES;
				CLANG_WARN_COMMA = YES;
				CLANG_WARN_CONSTANT_CONVERSION = YES;
				CLANG_WARN_DEPRECATED_OBJC_IMPLEMENTATIONS = YES;
				CLANG_WARN_DIRECT_OBJC_ISA_USAGE = YES_ERROR;
				CLANG_WARN_DOCUMENTATION_COMMENTS = YES;
				CLANG_WARN_EMPTY_BODY = YES;
				CLANG_WARN_ENUM_CONVERSION = YES;
				CLANG_WARN_INFINITE_RECURSION = YES;
				CLANG_WARN_INT_CONVERSION = YES;
				CLANG_WARN_NON_LITERAL_NULL_CONVERSION = YES;
				CLANG_WARN_OBJC_IMPLICIT_RETAIN_SELF = YES;
				CLANG_WARN_OBJC_LITERAL_CONVERSION = YES;
				CLANG_WARN_OBJC_ROOT_CLASS = YES_ERROR;
				CLANG_WARN_QUOTED_INCLUDE_IN_FRAMEWORK_HEADER = YES;
				CLANG_WARN_RANGE_LOOP_ANALYSIS = YES;
				CLANG_WARN_STRICT_PROTOTYPES = YES;
				CLANG_WARN_SUSPICIOUS_MOVE = YES;
				CLANG_WARN_UNGUARDED_AVAILABILITY = YES_AGGRESSIVE;
				CLANG_WARN_UNREACHABLE_CODE = YES;
				CLANG_WARN__DUPLICATE_METHOD_MATCH = YES;
				COPY_PHASE_STRIP = NO;
				DEBUG_INFORMATION_FORMAT = "dwarf-with-dsym";
				ENABLE_NS_ASSERTIONS = NO;
				ENABLE_STRICT_OBJC_MSGSEND = YES;
				ENABLE_USER_SCRIPT_SANDBOXING = YES;
				GCC_C_LANGUAGE_STANDARD = gnu17;
				GCC_NO_COMMON_BLOCKS = YES;
				GCC_WARN_64_TO_32_BIT_CONVERSION = YES;
				GCC_WARN_ABOUT_RETURN_TYPE = YES_ERROR;
				GCC_WARN_UNDECLARED_SELECTOR = YES;
				GCC_WARN_UNINITIALIZED_AUTOS = YES_AGGRESSIVE;
				GCC_WARN_UNUSED_FUNCTION = YES;
				GCC_WARN_UNUSED_VARIABLE = YES;
				LOCALIZATION_PREFERS_STRING_CATALOGS = YES;
				MACOSX_DEPLOYMENT_TARGET = 14.0;
				MTL_ENABLE_DEBUG_INFO = NO;
				MTL_FAST_MATH = YES;
				SDKROOT = macosx;
				SWIFT_COMPILATION_MODE = wholemodule;
			};
			name = Release;
		};
		017AD8F32C86E42D001B1577 /* Debug */ = {
			isa = XCBuildConfiguration;
			buildSettings = {
				ASSETCATALOG_COMPILER_APPICON_NAME = AppIcon;
				ASSETCATALOG_COMPILER_GLOBAL_ACCENT_COLOR_NAME = AccentColor;
				CODE_SIGN_ENTITLEMENTS = SessionMacOS/SessionMacOS.entitlements;
				CODE_SIGN_STYLE = Automatic;
				COMBINE_HIDPI_IMAGES = YES;
				CURRENT_PROJECT_VERSION = 1;
				DEVELOPMENT_ASSET_PATHS = "\"SessionMacOS/Preview Content\"";
				ENABLE_PREVIEWS = YES;
				GENERATE_INFOPLIST_FILE = YES;
				INFOPLIST_KEY_NSHumanReadableCopyright = "";
				LD_RUNPATH_SEARCH_PATHS = (
					"$(inherited)",
					"@executable_path/../Frameworks",
				);
				MARKETING_VERSION = 1.0;
				PRODUCT_BUNDLE_IDENTIFIER = com.hilmyveradin.SessionMacOS;
				PRODUCT_NAME = "$(TARGET_NAME)";
				SWIFT_EMIT_LOC_STRINGS = YES;
				SWIFT_VERSION = 5.0;
			};
			name = Debug;
		};
		017AD8F42C86E42D001B1577 /* Release */ = {
			isa = XCBuildConfiguration;
			buildSettings = {
				ASSETCATALOG_COMPILER_APPICON_NAME = AppIcon;
				ASSETCATALOG_COMPILER_GLOBAL_ACCENT_COLOR_NAME = AccentColor;
				CODE_SIGN_ENTITLEMENTS = SessionMacOS/SessionMacOS.entitlements;
				CODE_SIGN_STYLE = Automatic;
				COMBINE_HIDPI_IMAGES = YES;
				CURRENT_PROJECT_VERSION = 1;
				DEVELOPMENT_ASSET_PATHS = "\"SessionMacOS/Preview Content\"";
				ENABLE_PREVIEWS = YES;
				GENERATE_INFOPLIST_FILE = YES;
				INFOPLIST_KEY_NSHumanReadableCopyright = "";
				LD_RUNPATH_SEARCH_PATHS = (
					"$(inherited)",
					"@executable_path/../Frameworks",
				);
				MARKETING_VERSION = 1.0;
				PRODUCT_BUNDLE_IDENTIFIER = com.hilmyveradin.SessionMacOS;
				PRODUCT_NAME = "$(TARGET_NAME)";
				SWIFT_EMIT_LOC_STRINGS = YES;
				SWIFT_VERSION = 5.0;
			};
			name = Release;
		};
/* End XCBuildConfiguration section */

/* Begin XCConfigurationList section */
		017AD8DE2C86E42B001B1577 /* Build configuration list for PBXProject "SessionMacOS" */ = {
			isa = XCConfigurationList;
			buildConfigurations = (
				017AD8F02C86E42D001B1577 /* Debug */,
				017AD8F12C86E42D001B1577 /* Release */,
			);
			defaultConfigurationIsVisible = 0;
			defaultConfigurationName = Release;
		};
		017AD8F22C86E42D001B1577 /* Build configuration list for PBXNativeTarget "SessionMacOS" */ = {
			isa = XCConfigurationList;
			buildConfigurations = (
				017AD8F32C86E42D001B1577 /* Debug */,
				017AD8F42C86E42D001B1577 /* Release */,
			);
			defaultConfigurationIsVisible = 0;
			defaultConfigurationName = Release;
		};
/* End XCConfigurationList section */
	};
	rootObject = 017AD8DB2C86E42B001B1577 /* Project object */;
}
